
Microsoft Visual Studio Solution File, Format Version 12.00
Project("{FAE04EC0-301F-11D3-BF4B-00C04F79EFBC}") = "TreeOfSecrets", "TreeOfSecrets\TreeOfSecrets.csproj", "{5E36F338-3943-472F-8594-6F2AF4ABB328}"
EndProject
Project("{FAE04EC0-301F-11D3-BF4B-00C04F79EFBC}") = "TreeOfSecrets.Core", "TreeOfSecrets.Core\TreeOfSecrets.Core.csproj", "{11CF8E85-6492-4890-A6EB-67028EB4814F}"
EndProject
Project("{FAE04EC0-301F-11D3-BF4B-00C04F79EFBC}") = "OrderedSerializer", "..\OrderedSerializer\Package\Runtime\OrderedSerializer\OrderedSerializer.csproj", "{03DE6A5E-592E-4824-BF64-DCA79D5C6B86}"
EndProject
Global
	GlobalSection(SolutionConfigurationPlatforms) = preSolution
		Debug|Any CPU = Debug|Any CPU
		Release|Any CPU = Release|Any CPU
	EndGlobalSection
	GlobalSection(ProjectConfigurationPlatforms) = postSolution
		{5E36F338-3943-472F-8594-6F2AF4ABB328}.Debug|Any CPU.ActiveCfg = Debug|Any CPU
		{5E36F338-3943-472F-8594-6F2AF4ABB328}.Debug|Any CPU.Build.0 = Debug|Any CPU
		{5E36F338-3943-472F-8594-6F2AF4ABB328}.Release|Any CPU.ActiveCfg = Release|Any CPU
		{5E36F338-3943-472F-8594-6F2AF4ABB328}.Release|Any CPU.Build.0 = Release|Any CPU
		{11CF8E85-6492-4890-A6EB-67028EB4814F}.Debug|Any CPU.ActiveCfg = Debug|Any CPU
		{11CF8E85-6492-4890-A6EB-67028EB4814F}.Debug|Any CPU.Build.0 = Debug|Any CPU
		{11CF8E85-6492-4890-A6EB-67028EB4814F}.Release|Any CPU.ActiveCfg = Release|Any CPU
		{11CF8E85-6492-4890-A6EB-67028EB4814F}.Release|Any CPU.Build.0 = Release|Any CPU
		{03DE6A5E-592E-4824-BF64-DCA79D5C6B86}.Debug|Any CPU.ActiveCfg = Debug|Any CPU
		{03DE6A5E-592E-4824-BF64-DCA79D5C6B86}.Debug|Any CPU.Build.0 = Debug|Any CPU
		{03DE6A5E-592E-4824-BF64-DCA79D5C6B86}.Release|Any CPU.ActiveCfg = Release|Any CPU
		{03DE6A5E-592E-4824-BF64-DCA79D5C6B86}.Release|Any CPU.Build.0 = Release|Any CPU
	EndGlobalSection
EndGlobal
